// !$*UTF8*$!
{
	archiveVersion = 1;
	classes = {
	};
	objectVersion = 50;
	objects = {

/* Begin PBXBuildFile section */
		3D19C77B6D63E3DBB4F6A923 /* Pods_smack.framework in Frameworks */ = {isa = PBXBuildFile; fileRef = 31E482650920C0BC581DA4DB /* Pods_smack.framework */; };
		8CBBC24B2497C0A100558406 /* AppDelegate.swift in Sources */ = {isa = PBXBuildFile; fileRef = 8CBBC24A2497C0A100558406 /* AppDelegate.swift */; };
		8CBBC24D2497C0A100558406 /* SceneDelegate.swift in Sources */ = {isa = PBXBuildFile; fileRef = 8CBBC24C2497C0A100558406 /* SceneDelegate.swift */; };
		8CBBC2522497C0A100558406 /* Main.storyboard in Resources */ = {isa = PBXBuildFile; fileRef = 8CBBC2502497C0A100558406 /* Main.storyboard */; };
		8CBBC2542497C0AC00558406 /* Assets.xcassets in Resources */ = {isa = PBXBuildFile; fileRef = 8CBBC2532497C0AC00558406 /* Assets.xcassets */; };
		8CBBC2572497C0AC00558406 /* LaunchScreen.storyboard in Resources */ = {isa = PBXBuildFile; fileRef = 8CBBC2552497C0AC00558406 /* LaunchScreen.storyboard */; };
		8CBBC26224986CC600558406 /* SWRevealViewController.m in Sources */ = {isa = PBXBuildFile; fileRef = 8CBBC26124986CC600558406 /* SWRevealViewController.m */; };
		8CBBC2672498773B00558406 /* ChatVC.swift in Sources */ = {isa = PBXBuildFile; fileRef = 8CBBC2662498773B00558406 /* ChatVC.swift */; };
		8CBBC2692498775A00558406 /* ChannelVC.swift in Sources */ = {isa = PBXBuildFile; fileRef = 8CBBC2682498775A00558406 /* ChannelVC.swift */; };
		8CBBC26B249922EC00558406 /* gradientView.swift in Sources */ = {isa = PBXBuildFile; fileRef = 8CBBC26A249922EC00558406 /* gradientView.swift */; };
		8CBBC26E249A331E00558406 /* Constants.swift in Sources */ = {isa = PBXBuildFile; fileRef = 8CBBC26D249A331E00558406 /* Constants.swift */; };
		8CBBC270249A3B6F00558406 /* LoginVC.swift in Sources */ = {isa = PBXBuildFile; fileRef = 8CBBC26F249A3B6F00558406 /* LoginVC.swift */; };
/* End PBXBuildFile section */

/* Begin PBXFileReference section */
		31E482650920C0BC581DA4DB /* Pods_smack.framework */ = {isa = PBXFileReference; explicitFileType = wrapper.framework; includeInIndex = 0; path = Pods_smack.framework; sourceTree = BUILT_PRODUCTS_DIR; };
		7F454BA53C70A48CEE484DD6 /* Pods-smack.release.xcconfig */ = {isa = PBXFileReference; includeInIndex = 1; lastKnownFileType = text.xcconfig; name = "Pods-smack.release.xcconfig"; path = "Pods/Target Support Files/Pods-smack/Pods-smack.release.xcconfig"; sourceTree = "<group>"; };
		8CBBC2472497C0A100558406 /* smack.app */ = {isa = PBXFileReference; explicitFileType = wrapper.application; includeInIndex = 0; path = smack.app; sourceTree = BUILT_PRODUCTS_DIR; };
		8CBBC24A2497C0A100558406 /* AppDelegate.swift */ = {isa = PBXFileReference; lastKnownFileType = sourcecode.swift; path = AppDelegate.swift; sourceTree = "<group>"; };
		8CBBC24C2497C0A100558406 /* SceneDelegate.swift */ = {isa = PBXFileReference; lastKnownFileType = sourcecode.swift; path = SceneDelegate.swift; sourceTree = "<group>"; };
		8CBBC2512497C0A100558406 /* Base */ = {isa = PBXFileReference; lastKnownFileType = file.storyboard; name = Base; path = Base.lproj/Main.storyboard; sourceTree = "<group>"; };
		8CBBC2532497C0AC00558406 /* Assets.xcassets */ = {isa = PBXFileReference; lastKnownFileType = folder.assetcatalog; path = Assets.xcassets; sourceTree = "<group>"; };
		8CBBC2562497C0AC00558406 /* Base */ = {isa = PBXFileReference; lastKnownFileType = file.storyboard; name = Base; path = Base.lproj/LaunchScreen.storyboard; sourceTree = "<group>"; };
		8CBBC2582497C0AC00558406 /* Info.plist */ = {isa = PBXFileReference; lastKnownFileType = text.plist.xml; path = Info.plist; sourceTree = "<group>"; };
		8CBBC25F24986CC500558406 /* smack-Bridging-Header.h */ = {isa = PBXFileReference; lastKnownFileType = sourcecode.c.h; path = "smack-Bridging-Header.h"; sourceTree = "<group>"; };
		8CBBC26024986CC600558406 /* SWRevealViewController.h */ = {isa = PBXFileReference; fileEncoding = 4; lastKnownFileType = sourcecode.c.h; path = SWRevealViewController.h; sourceTree = "<group>"; };
		8CBBC26124986CC600558406 /* SWRevealViewController.m */ = {isa = PBXFileReference; fileEncoding = 4; lastKnownFileType = sourcecode.c.objc; path = SWRevealViewController.m; sourceTree = "<group>"; };
		8CBBC2662498773B00558406 /* ChatVC.swift */ = {isa = PBXFileReference; lastKnownFileType = sourcecode.swift; path = ChatVC.swift; sourceTree = "<group>"; };
		8CBBC2682498775A00558406 /* ChannelVC.swift */ = {isa = PBXFileReference; lastKnownFileType = sourcecode.swift; path = ChannelVC.swift; sourceTree = "<group>"; };
		8CBBC26A249922EC00558406 /* gradientView.swift */ = {isa = PBXFileReference; lastKnownFileType = sourcecode.swift; path = gradientView.swift; sourceTree = "<group>"; };
		8CBBC26D249A331E00558406 /* Constants.swift */ = {isa = PBXFileReference; lastKnownFileType = sourcecode.swift; path = Constants.swift; sourceTree = "<group>"; };
		8CBBC26F249A3B6F00558406 /* LoginVC.swift */ = {isa = PBXFileReference; lastKnownFileType = sourcecode.swift; path = LoginVC.swift; sourceTree = "<group>"; };
		C02B3AD83C1464EB3D039A13 /* Pods-smack.debug.xcconfig */ = {isa = PBXFileReference; includeInIndex = 1; lastKnownFileType = text.xcconfig; name = "Pods-smack.debug.xcconfig"; path = "Pods/Target Support Files/Pods-smack/Pods-smack.debug.xcconfig"; sourceTree = "<group>"; };
/* End PBXFileReference section */

/* Begin PBXFrameworksBuildPhase section */
		8CBBC2442497C0A100558406 /* Frameworks */ = {
			isa = PBXFrameworksBuildPhase;
			buildActionMask = 2147483647;
			files = (
				3D19C77B6D63E3DBB4F6A923 /* Pods_smack.framework in Frameworks */,
			);
			runOnlyForDeploymentPostprocessing = 0;
		};
/* End PBXFrameworksBuildPhase section */

/* Begin PBXGroup section */
		8CBBC23E2497C0A100558406 = {
			isa = PBXGroup;
			children = (
				8CBBC2492497C0A100558406 /* smack */,
				8CBBC2482497C0A100558406 /* Products */,
				A0AF57F0567EEFE47A84E2EA /* Pods */,
				CE8C0E2FA04B8E0AD7894645 /* Frameworks */,
			);
			sourceTree = "<group>";
		};
		8CBBC2482497C0A100558406 /* Products */ = {
			isa = PBXGroup;
			children = (
				8CBBC2472497C0A100558406 /* smack.app */,
			);
			name = Products;
			sourceTree = "<group>";
		};
		8CBBC2492497C0A100558406 /* smack */ = {
			isa = PBXGroup;
			children = (
				8CBBC26C249A32FE00558406 /* Utilities */,
				8CBBC2652498771500558406 /* Model */,
				8CBBC2642498771000558406 /* View */,
				8CBBC2632498770600558406 /* Controller */,
				8CBBC25E24986C6300558406 /* Supporting files */,
				8CBBC24A2497C0A100558406 /* AppDelegate.swift */,
				8CBBC24C2497C0A100558406 /* SceneDelegate.swift */,
				8CBBC2502497C0A100558406 /* Main.storyboard */,
				8CBBC2532497C0AC00558406 /* Assets.xcassets */,
				8CBBC2552497C0AC00558406 /* LaunchScreen.storyboard */,
				8CBBC2582497C0AC00558406 /* Info.plist */,
			);
			path = smack;
			sourceTree = "<group>";
		};
		8CBBC25E24986C6300558406 /* Supporting files */ = {
			isa = PBXGroup;
			children = (
				8CBBC26024986CC600558406 /* SWRevealViewController.h */,
				8CBBC26124986CC600558406 /* SWRevealViewController.m */,
				8CBBC25F24986CC500558406 /* smack-Bridging-Header.h */,
			);
			path = "Supporting files";
			sourceTree = "<group>";
		};
		8CBBC2632498770600558406 /* Controller */ = {
			isa = PBXGroup;
			children = (
				8CBBC2662498773B00558406 /* ChatVC.swift */,
				8CBBC2682498775A00558406 /* ChannelVC.swift */,
				8CBBC26F249A3B6F00558406 /* LoginVC.swift */,
			);
			path = Controller;
			sourceTree = "<group>";
		};
		8CBBC2642498771000558406 /* View */ = {
			isa = PBXGroup;
			children = (
				8CBBC26A249922EC00558406 /* gradientView.swift */,
			);
			path = View;
			sourceTree = "<group>";
		};
		8CBBC2652498771500558406 /* Model */ = {
			isa = PBXGroup;
			children = (
			);
			path = Model;
			sourceTree = "<group>";
		};
		8CBBC26C249A32FE00558406 /* Utilities */ = {
			isa = PBXGroup;
			children = (
				8CBBC26D249A331E00558406 /* Constants.swift */,
			);
			path = Utilities;
			sourceTree = "<group>";
		};
		A0AF57F0567EEFE47A84E2EA /* Pods */ = {
			isa = PBXGroup;
			children = (
				C02B3AD83C1464EB3D039A13 /* Pods-smack.debug.xcconfig */,
				7F454BA53C70A48CEE484DD6 /* Pods-smack.release.xcconfig */,
			);
			name = Pods;
			sourceTree = "<group>";
		};
		CE8C0E2FA04B8E0AD7894645 /* Frameworks */ = {
			isa = PBXGroup;
			children = (
				31E482650920C0BC581DA4DB /* Pods_smack.framework */,
			);
			name = Frameworks;
			sourceTree = "<group>";
		};
/* End PBXGroup section */

/* Begin PBXNativeTarget section */
		8CBBC2462497C0A100558406 /* smack */ = {
			isa = PBXNativeTarget;
			buildConfigurationList = 8CBBC25B2497C0AC00558406 /* Build configuration list for PBXNativeTarget "smack" */;
			buildPhases = (
				20CFA821CA8AAE6424FE4244 /* [CP] Check Pods Manifest.lock */,
				8CBBC2432497C0A100558406 /* Sources */,
				8CBBC2442497C0A100558406 /* Frameworks */,
				8CBBC2452497C0A100558406 /* Resources */,
				F6B43B2505DD06D75A1C2E0C /* [CP] Embed Pods Frameworks */,
			);
			buildRules = (
			);
			dependencies = (
			);
			name = smack;
			productName = smack;
			productReference = 8CBBC2472497C0A100558406 /* smack.app */;
			productType = "com.apple.product-type.application";
		};
/* End PBXNativeTarget section */

/* Begin PBXProject section */
		8CBBC23F2497C0A100558406 /* Project object */ = {
			isa = PBXProject;
			attributes = {
				LastSwiftUpdateCheck = 1110;
				LastUpgradeCheck = 1110;
				ORGANIZATIONNAME = "Ziad Ahmed Said Ahmed";
				TargetAttributes = {
					8CBBC2462497C0A100558406 = {
						CreatedOnToolsVersion = 11.1;
						LastSwiftMigration = 1110;
					};
				};
			};
			buildConfigurationList = 8CBBC2422497C0A100558406 /* Build configuration list for PBXProject "smack" */;
			compatibilityVersion = "Xcode 9.3";
			developmentRegion = en;
			hasScannedForEncodings = 0;
			knownRegions = (
				en,
				Base,
			);
			mainGroup = 8CBBC23E2497C0A100558406;
			productRefGroup = 8CBBC2482497C0A100558406 /* Products */;
			projectDirPath = "";
			projectRoot = "";
			targets = (
				8CBBC2462497C0A100558406 /* smack */,
			);
		};
/* End PBXProject section */

/* Begin PBXResourcesBuildPhase section */
		8CBBC2452497C0A100558406 /* Resources */ = {
			isa = PBXResourcesBuildPhase;
			buildActionMask = 2147483647;
			files = (
				8CBBC2572497C0AC00558406 /* LaunchScreen.storyboard in Resources */,
				8CBBC2542497C0AC00558406 /* Assets.xcassets in Resources */,
				8CBBC2522497C0A100558406 /* Main.storyboard in Resources */,
			);
			runOnlyForDeploymentPostprocessing = 0;
		};
/* End PBXResourcesBuildPhase section */

/* Begin PBXShellScriptBuildPhase section */
		20CFA821CA8AAE6424FE4244 /* [CP] Check Pods Manifest.lock */ = {
			isa = PBXShellScriptBuildPhase;
			buildActionMask = 2147483647;
			files = (
			);
			inputPaths = (
				"${PODS_PODFILE_DIR_PATH}/Podfile.lock",
				"${PODS_ROOT}/Manifest.lock",
			);
			name = "[CP] Check Pods Manifest.lock";
			outputPaths = (
				"$(DERIVED_FILE_DIR)/Pods-smack-checkManifestLockResult.txt",
			);
			runOnlyForDeploymentPostprocessing = 0;
			shellPath = /bin/sh;
			shellScript = "diff \"${PODS_PODFILE_DIR_PATH}/Podfile.lock\" \"${PODS_ROOT}/Manifest.lock\" > /dev/null\nif [ $? != 0 ] ; then\n    # print error to STDERR\n    echo \"error: The sandbox is not in sync with the Podfile.lock. Run 'pod install' or update your CocoaPods installation.\" >&2\n    exit 1\nfi\n# This output is used by Xcode 'outputs' to avoid re-running this script phase.\necho \"SUCCESS\" > \"${SCRIPT_OUTPUT_FILE_0}\"\n";
			showEnvVarsInLog = 0;
		};
		F6B43B2505DD06D75A1C2E0C /* [CP] Embed Pods Frameworks */ = {
			isa = PBXShellScriptBuildPhase;
			buildActionMask = 2147483647;
			files = (
			);
			inputPaths = (
				"${SRCROOT}/Pods/Target Support Files/Pods-smack/Pods-smack-frameworks.sh",
				"${BUILT_PRODUCTS_DIR}/Alamofire/Alamofire.framework",
				"${BUILT_PRODUCTS_DIR}/Socket.IO-Client-Swift/SocketIO.framework",
				"${BUILT_PRODUCTS_DIR}/Starscream/Starscream.framework",
				"${BUILT_PRODUCTS_DIR}/SwiftyJSON/SwiftyJSON.framework",
			);
			name = "[CP] Embed Pods Frameworks";
			outputPaths = (
				"${TARGET_BUILD_DIR}/${FRAMEWORKS_FOLDER_PATH}/Alamofire.framework",
				"${TARGET_BUILD_DIR}/${FRAMEWORKS_FOLDER_PATH}/SocketIO.framework",
				"${TARGET_BUILD_DIR}/${FRAMEWORKS_FOLDER_PATH}/Starscream.framework",
				"${TARGET_BUILD_DIR}/${FRAMEWORKS_FOLDER_PATH}/SwiftyJSON.framework",
			);
			runOnlyForDeploymentPostprocessing = 0;
			shellPath = /bin/sh;
			shellScript = "\"${SRCROOT}/Pods/Target Support Files/Pods-smack/Pods-smack-frameworks.sh\"\n";
			showEnvVarsInLog = 0;
		};
/* End PBXShellScriptBuildPhase section */

/* Begin PBXSourcesBuildPhase section */
		8CBBC2432497C0A100558406 /* Sources */ = {
			isa = PBXSourcesBuildPhase;
			buildActionMask = 2147483647;
			files = (
				8CBBC2672498773B00558406 /* ChatVC.swift in Sources */,
				8CBBC24B2497C0A100558406 /* AppDelegate.swift in Sources */,
				8CBBC270249A3B6F00558406 /* LoginVC.swift in Sources */,
				8CBBC26B249922EC00558406 /* gradientView.swift in Sources */,
				8CBBC24D2497C0A100558406 /* SceneDelegate.swift in Sources */,
				8CBBC26E249A331E00558406 /* Constants.swift in Sources */,
				8CBBC26224986CC600558406 /* SWRevealViewController.m in Sources */,
				8CBBC2692498775A00558406 /* ChannelVC.swift in Sources */,
			);
			runOnlyForDeploymentPostprocessing = 0;
		};
/* End PBXSourcesBuildPhase section */

/* Begin PBXVariantGroup section */
		8CBBC2502497C0A100558406 /* Main.storyboard */ = {
			isa = PBXVariantGroup;
			children = (
				8CBBC2512497C0A100558406 /* Base */,
			);
			name = Main.storyboard;
			sourceTree = "<group>";
		};
		8CBBC2552497C0AC00558406 /* LaunchScreen.storyboard */ = {
			isa = PBXVariantGroup;
			children = (
				8CBBC2562497C0AC00558406 /* Base */,
			);
			name = LaunchScreen.storyboard;
			sourceTree = "<group>";
		};
/* End PBXVariantGroup section */

/* Begin XCBuildConfiguration section */
		8CBBC2592497C0AC00558406 /* Debug */ = {
			isa = XCBuildConfiguration;
			buildSettings = {
				ALWAYS_SEARCH_USER_PATHS = NO;
				CLANG_ANALYZER_NONNULL = YES;
				CLANG_ANALYZER_NUMBER_OBJECT_CONVERSION = YES_AGGRESSIVE;
				CLANG_CXX_LANGUAGE_STANDARD = "gnu++14";
				CLANG_CXX_LIBRARY = "libc++";
				CLANG_ENABLE_MODULES = YES;
				CLANG_ENABLE_OBJC_ARC = YES;
				CLANG_ENABLE_OBJC_WEAK = YES;
				CLANG_WARN_BLOCK_CAPTURE_AUTORELEASING = YES;
				CLANG_WARN_BOOL_CONVERSION = YES;
				CLANG_WARN_COMMA = YES;
				CLANG_WARN_CONSTANT_CONVERSION = YES;
				CLANG_WARN_DEPRECATED_OBJC_IMPLEMENTATIONS = YES;
				CLANG_WARN_DIRECT_OBJC_ISA_USAGE = YES_ERROR;
				CLANG_WARN_DOCUMENTATION_COMMENTS = YES;
				CLANG_WARN_EMPTY_BODY = YES;
				CLANG_WARN_ENUM_CONVERSION = YES;
				CLANG_WARN_INFINITE_RECURSION = YES;
				CLANG_WARN_INT_CONVERSION = YES;
				CLANG_WARN_NON_LITERAL_NULL_CONVERSION = YES;
				CLANG_WARN_OBJC_IMPLICIT_RETAIN_SELF = YES;
				CLANG_WARN_OBJC_LITERAL_CONVERSION = YES;
				CLANG_WARN_OBJC_ROOT_CLASS = YES_ERROR;
				CLANG_WARN_RANGE_LOOP_ANALYSIS = YES;
				CLANG_WARN_STRICT_PROTOTYPES = YES;
				CLANG_WARN_SUSPICIOUS_MOVE = YES;
				CLANG_WARN_UNGUARDED_AVAILABILITY = YES_AGGRESSIVE;
				CLANG_WARN_UNREACHABLE_CODE = YES;
				CLANG_WARN__DUPLICATE_METHOD_MATCH = YES;
				COPY_PHASE_STRIP = NO;
				DEBUG_INFORMATION_FORMAT = dwarf;
				ENABLE_STRICT_OBJC_MSGSEND = YES;
				ENABLE_TESTABILITY = YES;
				GCC_C_LANGUAGE_STANDARD = gnu11;
				GCC_DYNAMIC_NO_PIC = NO;
				GCC_NO_COMMON_BLOCKS = YES;
				GCC_OPTIMIZATION_LEVEL = 0;
				GCC_PREPROCESSOR_DEFINITIONS = (
					"DEBUG=1",
					"$(inherited)",
				);
				GCC_WARN_64_TO_32_BIT_CONVERSION = YES;
				GCC_WARN_ABOUT_RETURN_TYPE = YES_ERROR;
				GCC_WARN_UNDECLARED_SELECTOR = YES;
				GCC_WARN_UNINITIALIZED_AUTOS = YES_AGGRESSIVE;
				GCC_WARN_UNUSED_FUNCTION = YES;
				GCC_WARN_UNUSED_VARIABLE = YES;
				IPHONEOS_DEPLOYMENT_TARGET = 13.1;
				MTL_ENABLE_DEBUG_INFO = INCLUDE_SOURCE;
				MTL_FAST_MATH = YES;
				ONLY_ACTIVE_ARCH = YES;
				SDKROOT = iphoneos;
				SWIFT_ACTIVE_COMPILATION_CONDITIONS = DEBUG;
				SWIFT_OPTIMIZATION_LEVEL = "-Onone";
			};
			name = Debug;
		};
		8CBBC25A2497C0AC00558406 /* Release */ = {
			isa = XCBuildConfiguration;
			buildSettings = {
				ALWAYS_SEARCH_USER_PATHS = NO;
				CLANG_ANALYZER_NONNULL = YES;
				CLANG_ANALYZER_NUMBER_OBJECT_CONVERSION = YES_AGGRESSIVE;
				CLANG_CXX_LANGUAGE_STANDARD = "gnu++14";
				CLANG_CXX_LIBRARY = "libc++";
				CLANG_ENABLE_MODULES = YES;
				CLANG_ENABLE_OBJC_ARC = YES;
				CLANG_ENABLE_OBJC_WEAK = YES;
				CLANG_WARN_BLOCK_CAPTURE_AUTORELEASING = YES;
				CLANG_WARN_BOOL_CONVERSION = YES;
				CLANG_WARN_COMMA = YES;
				CLANG_WARN_CONSTANT_CONVERSION = YES;
				CLANG_WARN_DEPRECATED_OBJC_IMPLEMENTATIONS = YES;
				CLANG_WARN_DIRECT_OBJC_ISA_USAGE = YES_ERROR;
				CLANG_WARN_DOCUMENTATION_COMMENTS = YES;
				CLANG_WARN_EMPTY_BODY = YES;
				CLANG_WARN_ENUM_CONVERSION = YES;
				CLANG_WARN_INFINITE_RECURSION = YES;
				CLANG_WARN_INT_CONVERSION = YES;
				CLANG_WARN_NON_LITERAL_NULL_CONVERSION = YES;
				CLANG_WARN_OBJC_IMPLICIT_RETAIN_SELF = YES;
				CLANG_WARN_OBJC_LITERAL_CONVERSION = YES;
				CLANG_WARN_OBJC_ROOT_CLASS = YES_ERROR;
				CLANG_WARN_RANGE_LOOP_ANALYSIS = YES;
				CLANG_WARN_STRICT_PROTOTYPES = YES;
				CLANG_WARN_SUSPICIOUS_MOVE = YES;
				CLANG_WARN_UNGUARDED_AVAILABILITY = YES_AGGRESSIVE;
				CLANG_WARN_UNREACHABLE_CODE = YES;
				CLANG_WARN__DUPLICATE_METHOD_MATCH = YES;
				COPY_PHASE_STRIP = NO;
				DEBUG_INFORMATION_FORMAT = "dwarf-with-dsym";
				ENABLE_NS_ASSERTIONS = NO;
				ENABLE_STRICT_OBJC_MSGSEND = YES;
				GCC_C_LANGUAGE_STANDARD = gnu11;
				GCC_NO_COMMON_BLOCKS = YES;
				GCC_WARN_64_TO_32_BIT_CONVERSION = YES;
				GCC_WARN_ABOUT_RETURN_TYPE = YES_ERROR;
				GCC_WARN_UNDECLARED_SELECTOR = YES;
				GCC_WARN_UNINITIALIZED_AUTOS = YES_AGGRESSIVE;
				GCC_WARN_UNUSED_FUNCTION = YES;
				GCC_WARN_UNUSED_VARIABLE = YES;
				IPHONEOS_DEPLOYMENT_TARGET = 13.1;
				MTL_ENABLE_DEBUG_INFO = NO;
				MTL_FAST_MATH = YES;
				SDKROOT = iphoneos;
				SWIFT_COMPILATION_MODE = wholemodule;
				SWIFT_OPTIMIZATION_LEVEL = "-O";
				VALIDATE_PRODUCT = YES;
			};
			name = Release;
		};
		8CBBC25C2497C0AC00558406 /* Debug */ = {
			isa = XCBuildConfiguration;
			baseConfigurationReference = C02B3AD83C1464EB3D039A13 /* Pods-smack.debug.xcconfig */;
			buildSettings = {
				ASSETCATALOG_COMPILER_APPICON_NAME = AppIcon;
				CLANG_ENABLE_MODULES = YES;
				CODE_SIGN_STYLE = Automatic;
				INFOPLIST_FILE = smack/Info.plist;
				LD_RUNPATH_SEARCH_PATHS = (
					"$(inherited)",
					"@executable_path/Frameworks",
				);
				PRODUCT_BUNDLE_IDENTIFIER = com.ziadelnady.smack;
				PRODUCT_NAME = "$(TARGET_NAME)";
				SWIFT_OBJC_BRIDGING_HEADER = "smack/Supporting files/smack-Bridging-Header.h";
				SWIFT_OPTIMIZATION_LEVEL = "-Onone";
				SWIFT_VERSION = 5.0;
				TARGETED_DEVICE_FAMILY = "1,2";
			};
			name = Debug;
		};
		8CBBC25D2497C0AC00558406 /* Release */ = {
			isa = XCBuildConfiguration;
			baseConfigurationReference = 7F454BA53C70A48CEE484DD6 /* Pods-smack.release.xcconfig */;
			buildSettings = {
				ASSETCATALOG_COMPILER_APPICON_NAME = AppIcon;
				CLANG_ENABLE_MODULES = YES;
				CODE_SIGN_STYLE = Automatic;
				INFOPLIST_FILE = smack/Info.plist;
				LD_RUNPATH_SEARCH_PATHS = (
					"$(inherited)",
					"@executable_path/Frameworks",
				);
				PRODUCT_BUNDLE_IDENTIFIER = com.ziadelnady.smack;
				PRODUCT_NAME = "$(TARGET_NAME)";
				SWIFT_OBJC_BRIDGING_HEADER = "smack/Supporting files/smack-Bridging-Header.h";
				SWIFT_VERSION = 5.0;
				TARGETED_DEVICE_FAMILY = "1,2";
			};
			name = Release;
		};
/* End XCBuildConfiguration section */

/* Begin XCConfigurationList section */
		8CBBC2422497C0A100558406 /* Build configuration list for PBXProject "smack" */ = {
			isa = XCConfigurationList;
			buildConfigurations = (
				8CBBC2592497C0AC00558406 /* Debug */,
				8CBBC25A2497C0AC00558406 /* Release */,
			);
			defaultConfigurationIsVisible = 0;
			defaultConfigurationName = Release;
		};
		8CBBC25B2497C0AC00558406 /* Build configuration list for PBXNativeTarget "smack" */ = {
			isa = XCConfigurationList;
			buildConfigurations = (
				8CBBC25C2497C0AC00558406 /* Debug */,
				8CBBC25D2497C0AC00558406 /* Release */,
			);
			defaultConfigurationIsVisible = 0;
			defaultConfigurationName = Release;
		};
/* End XCConfigurationList section */
	};
	rootObject = 8CBBC23F2497C0A100558406 /* Project object */;
}
